
Microsoft Visual Studio Solution File, Format Version 12.00
# Visual Studio Version 17
VisualStudioVersion = 17.0.32112.339
MinimumVisualStudioVersion = 10.0.40219.1
Project("{FAE04EC0-301F-11D3-BF4B-00C04F79EFBC}") = "CPUModel.Using.CSharp.Rec", "CPUModel.Using.CSharp.Rec\CPUModel.Using.CSharp.Rec.csproj", "{B45FF434-8DDD-41DE-9B0F-98A9A9811A16}"
EndProject
Project("{FAE04EC0-301F-11D3-BF4B-00C04F79EFBC}") = "DevJunglesVirtualMachine", "DevJunglesVirtualMachine\DevJunglesVirtualMachine.csproj", "{011C01AE-FAEC-4F62-BC68-079086235CF0}"
EndProject
Project("{FAE04EC0-301F-11D3-BF4B-00C04F79EFBC}") = "DevJunglesCompiler", "DevJunglesCompiler\DevJunglesCompiler.csproj", "{365B6CE3-9CDE-4D2D-ACA9-384689F93E03}"
EndProject
Project("{FAE04EC0-301F-11D3-BF4B-00C04F79EFBC}") = "DevJunglesLanguage", "DevJunglesLanguage\DevJunglesLanguage.csproj", "{4C2CF9A3-E75E-428F-A23A-D6DC0A4503A4}"
EndProject
Project("{FAE04EC0-301F-11D3-BF4B-00C04F79EFBC}") = "DevJunglesAssembler", "DevJunglesAssembler\DevJunglesAssembler.csproj", "{5A97244D-A55E-429A-A563-62961E2178DB}"
EndProject
Global
	GlobalSection(SolutionConfigurationPlatforms) = preSolution
		Debug|Any CPU = Debug|Any CPU
		Release|Any CPU = Release|Any CPU
	EndGlobalSection
	GlobalSection(ProjectConfigurationPlatforms) = postSolution
		{B45FF434-8DDD-41DE-9B0F-98A9A9811A16}.Debug|Any CPU.ActiveCfg = Debug|Any CPU
		{B45FF434-8DDD-41DE-9B0F-98A9A9811A16}.Debug|Any CPU.Build.0 = Debug|Any CPU
		{B45FF434-8DDD-41DE-9B0F-98A9A9811A16}.Release|Any CPU.ActiveCfg = Release|Any CPU
		{B45FF434-8DDD-41DE-9B0F-98A9A9811A16}.Release|Any CPU.Build.0 = Release|Any CPU
		{011C01AE-FAEC-4F62-BC68-079086235CF0}.Debug|Any CPU.ActiveCfg = Debug|Any CPU
		{011C01AE-FAEC-4F62-BC68-079086235CF0}.Debug|Any CPU.Build.0 = Debug|Any CPU
		{011C01AE-FAEC-4F62-BC68-079086235CF0}.Release|Any CPU.ActiveCfg = Release|Any CPU
		{011C01AE-FAEC-4F62-BC68-079086235CF0}.Release|Any CPU.Build.0 = Release|Any CPU
		{365B6CE3-9CDE-4D2D-ACA9-384689F93E03}.Debug|Any CPU.ActiveCfg = Debug|Any CPU
		{365B6CE3-9CDE-4D2D-ACA9-384689F93E03}.Debug|Any CPU.Build.0 = Debug|Any CPU
		{365B6CE3-9CDE-4D2D-ACA9-384689F93E03}.Release|Any CPU.ActiveCfg = Release|Any CPU
		{365B6CE3-9CDE-4D2D-ACA9-384689F93E03}.Release|Any CPU.Build.0 = Release|Any CPU
		{4C2CF9A3-E75E-428F-A23A-D6DC0A4503A4}.Debug|Any CPU.ActiveCfg = Debug|Any CPU
		{4C2CF9A3-E75E-428F-A23A-D6DC0A4503A4}.Debug|Any CPU.Build.0 = Debug|Any CPU
		{4C2CF9A3-E75E-428F-A23A-D6DC0A4503A4}.Release|Any CPU.ActiveCfg = Release|Any CPU
		{4C2CF9A3-E75E-428F-A23A-D6DC0A4503A4}.Release|Any CPU.Build.0 = Release|Any CPU
		{5A97244D-A55E-429A-A563-62961E2178DB}.Debug|Any CPU.ActiveCfg = Debug|Any CPU
		{5A97244D-A55E-429A-A563-62961E2178DB}.Debug|Any CPU.Build.0 = Debug|Any CPU
		{5A97244D-A55E-429A-A563-62961E2178DB}.Release|Any CPU.ActiveCfg = Release|Any CPU
		{5A97244D-A55E-429A-A563-62961E2178DB}.Release|Any CPU.Build.0 = Release|Any CPU
	EndGlobalSection
	GlobalSection(SolutionProperties) = preSolution
		HideSolutionNode = FALSE
	EndGlobalSection
	GlobalSection(ExtensibilityGlobals) = postSolution
		SolutionGuid = {BA3DB8E9-2160-44E6-B6E4-62647DF19506}
	EndGlobalSection
EndGlobal
